symfony b80951c21c1ca8cef7c2429db05d8003679f89c4
twig 1bfeed24c2ea9b27abaf9fa45758d2bc48eaa31f
monolog 1.0.2
doctrine-common fc26d10d97dc773923a8d561e9301c3c73b9cc70
doctrine-dbal c8835edf74854426b0039f0535204718e75e3b7a
doctrine 38d725ce32b01ba7af40fb91c9454ea44fbe5ab5
swiftmailer v4.1.5
assetic v1.0.2
twig-extensions 1dfff8e793f50f651c4f74f796c2c68a4aee3147
metadata 1.1.0
SensioFrameworkExtraBundle 1b0ca00361050760f14f70be6f3a31f125211f3d
JMSSecurityExtraBundle 541a4c242328dc04b99540c75346cc74a7c0cfb5
SensioDistributionBundle f00c99854ff161b006a200d8dffa0013981d5373
SensioGeneratorBundle fe924497677ea41d0d09f0c011e55142bda12cd7
AsseticBundle 20b22b95ce0c16c4e194809579688ac21af8fea6
DoctrineBundle 313cfeaa67d98d8dbd62f5af483d498ac07ad7db
SwiftmailerBundle 75f8f95c201922a966274547131b33291d15d51b
MonologBundle 9be384ce29398be49b44a90868ec58ad970b1bc4
FOSUserBundle 2c772129ddacdb9ae7dfad54b408041e2475e77e
KnpMenu ef1f54734e490f0e02b43e0158fc4b1dbbccee27
KnpMenuBundle a0bec597d2ee940a4f93e919957a50c3ad8ac394
doctrine-fixtures ffee818a6e3af526b774de11b690a36512fa6235
DoctrineFixturesBundle a66be2f077f3a4e5c3801b356b42b8782f1abbd6
LiipFuncionalTestBundle a2423b07bb26904d8e4136e7c2f298debff7519e
IdeupSimplePaginatorBundle 6aaa2d622131ad4045608f6a19a05010eb2fb17a
doctrine-extensions d726b291d534ee33611e2ef9f731fa66a7822590
OrincarGravatarBundle e5aedca3bd066081e16912ca8be96ba4ca570d0a